[[package]]
category = "main"
description = ""
name = "sage"
optional = false
python-versions = "*"
version = "0.0.0"

[metadata]
content-hash = "f5642698ccb07d7c04d4d25e79b944e440c4239bc1a7bec2c005e1f10a5ecd7d"
python-versions = "^3.8"

[metadata.hashes]
sage = ["2719c4ebf49b7ab242d90bb511aa47d4e31fdcd715518796654e81ddfca946fd"]
